<?xml version="1.0" encoding="utf-8"?>
<Project ToolsVersion="4.0" xmlns="http://schemas.microsoft.com/developer/msbuild/2003">
  <ItemGroup>
    <Filter Include="Source Files">
      <UniqueIdentifier>{4FC737F1-C7A5-4376-A066-2A32D752A2FF}</UniqueIdentifier>
      <Extensions>cpp;c;cc;cxx;def;odl;idl;hpj;bat;asm;asmx</Extensions>
    </Filter>
    <Filter Include="Header Files">
      <UniqueIdentifier>{93995380-89BD-4b04-88EB-625FBE52EBFB}</UniqueIdentifier>
      <Extensions>h;hh;hpp;hxx;hm;inl;inc;xsd</Extensions>
    </Filter>
    <Filter Include="Resource Files">
      <UniqueIdentifier>{67DA6AB6-F800-4c08-8B7A-83BB121AAD01}</UniqueIdentifier>
      <Extensions>rc;ico;cur;bmp;dlg;rc2;rct;bin;rgs;gif;jpg;jpeg;jpe;resx;tiff;tif;png;wav</Extensions>
    </Filter>
  </ItemGroup>
  <ItemGroup>
    <ClCompile Include="examples\cpp\sample-alignfilterviewer\AlignFilterViewer.cpp">
      <Filter>Source Files</Filter>
    </ClCompile>
    <ClCompile Include="examples\cpp\sample-colorviewer\ColorViewer.cpp">
      <Filter>Source Files</Filter>
    </ClCompile>
    <ClCompile Include="examples\cpp\sample-commonusages\CommonUsages.cpp">
      <Filter>Source Files</Filter>
    </ClCompile>
    <ClCompile Include="examples\cpp\sample-depthunitcontrol\DepthUnitControl.cpp">
      <Filter>Source Files</Filter>
    </ClCompile>
    <ClCompile Include="examples\cpp\sample-depthviewer\DepthViewer.cpp">
      <Filter>Source Files</Filter>
    </ClCompile>
    <ClCompile Include="examples\cpp\sample-depthworkmode\DepthWorkMode.cpp">
      <Filter>Source Files</Filter>
    </ClCompile>
    <ClCompile Include="examples\cpp\sample-doubleinfraredviewer\DoubleInfraredViewer.cpp">
      <Filter>Source Files</Filter>
    </ClCompile>
    <ClCompile Include="examples\cpp\sample-firmwareupgrade\FirmwareUpgrade.cpp">
      <Filter>Source Files</Filter>
    </ClCompile>
    <ClCompile Include="examples\cpp\sample-hdrmerge\HdrMerge.cpp">
      <Filter>Source Files</Filter>
    </ClCompile>
    <ClCompile Include="examples\cpp\sample-helloorbbec\HelloOrbbec.cpp">
      <Filter>Source Files</Filter>
    </ClCompile>
    <ClCompile Include="examples\cpp\sample-hotplugin\HotPlugin.cpp">
      <Filter>Source Files</Filter>
    </ClCompile>
    <ClCompile Include="examples\cpp\sample-imureader\ImuReader.cpp">
      <Filter>Source Files</Filter>
    </ClCompile>
    <ClCompile Include="examples\cpp\sample-infraredviewer\InfraredViewer.cpp">
      <Filter>Source Files</Filter>
    </ClCompile>
    <ClCompile Include="examples\cpp\sample-multidevice\MultiDevice.cpp">
      <Filter>Source Files</Filter>
    </ClCompile>
    <ClCompile Include="examples\cpp\sample-multidevicesync\MultiDeviceSync.cpp">
      <Filter>Source Files</Filter>
    </ClCompile>
    <ClCompile Include="examples\cpp\sample-multistream\MultiStream.cpp">
      <Filter>Source Files</Filter>
    </ClCompile>
    <ClCompile Include="examples\cpp\sample-netdevice\NetDevice.cpp">
      <Filter>Source Files</Filter>
    </ClCompile>
    <ClCompile Include="examples\cpp\sample-playback\Playback.cpp">
      <Filter>Source Files</Filter>
    </ClCompile>
    <ClCompile Include="examples\cpp\sample-pointcloud\PointCloud.cpp">
      <Filter>Source Files</Filter>
    </ClCompile>
    <ClCompile Include="examples\cpp\sample-postprocessing\PostProcessing.cpp">
      <Filter>Source Files</Filter>
    </ClCompile>
    <ClCompile Include="examples\cpp\sample-quickstart\QuickStart.cpp">
      <Filter>Source Files</Filter>
    </ClCompile>
    <ClCompile Include="examples\cpp\sample-recorder\Recorder.cpp">
      <Filter>Source Files</Filter>
    </ClCompile>
    <ClCompile Include="examples\cpp\sample-savetodisk\SaveToDisk.cpp">
      <Filter>Source Files</Filter>
    </ClCompile>
    <ClCompile Include="examples\cpp\sample-sensorcontrol\SensorControl.cpp">
      <Filter>Source Files</Filter>
    </ClCompile>
    <ClCompile Include="examples\cpp\sample-syncalignviewer\SyncAlignViewer.cpp">
      <Filter>Source Files</Filter>
    </ClCompile>
    <ClCompile Include="examples\cpp\sample-transformation\Transformation.cpp">
      <Filter>Source Files</Filter>
    </ClCompile>
    <ClCompile Include="examples\out\build\x64-debug (默认值)\cmakefiles\3.18.20081302-msvc_2\compileridcxx\CMakeCXXCompilerId.cpp">
      <Filter>Source Files</Filter>
    </ClCompile>
    <ClCompile Include="misc\scripts\windowsmetadatahelper\main.cpp">
      <Filter>Source Files</Filter>
    </ClCompile>
    <ClCompile Include="misc\scripts\windowsmetadatahelper\metadata-helper.cpp">
      <Filter>Source Files</Filter>
    </ClCompile>
    <ClCompile Include="out\build\x64-debug (默认值)\cmakefiles\3.18.20081302-msvc_2\compileridcxx\CMakeCXXCompilerId.cpp">
      <Filter>Source Files</Filter>
    </ClCompile>
    <ClCompile Include="my_code\WallScanner.cpp">
      <Filter>Source Files</Filter>
    </ClCompile>
    <ClCompile Include="GrayViewer.cpp">
      <Filter>Source Files</Filter>
    </ClCompile>
    <ClCompile Include="RGB-D.cpp">
      <Filter>Source Files</Filter>
    </ClCompile>
    <ClCompile Include="my_code\Task2.1_Epipolar_Geometry.cpp">
      <Filter>Source Files</Filter>
    </ClCompile>
    <ClCompile Include="my_code\heightmeasuer.cpp">
      <Filter>Source Files</Filter>
    </ClCompile>
  </ItemGroup>
  <ItemGroup>
    <ClInclude Include="examples\c\utils.hpp">
      <Filter>Header Files</Filter>
    </ClInclude>
    <ClInclude Include="examples\c\window.hpp">
      <Filter>Header Files</Filter>
    </ClInclude>
    <ClInclude Include="examples\cpp\utils.hpp">
      <Filter>Header Files</Filter>
    </ClInclude>
    <ClInclude Include="examples\cpp\window.hpp">
      <Filter>Header Files</Filter>
    </ClInclude>
    <ClInclude Include="examples\cpp\sample-multidevicesync\cJSON.h">
      <Filter>Header Files</Filter>
    </ClInclude>
    <ClInclude Include="examples\out\build\x64-debug (默认值)\cmakefiles\showincludes\foo.h">
      <Filter>Header Files</Filter>
    </ClInclude>
    <ClInclude Include="include\libobsensor\ObSensor.h">
      <Filter>Header Files</Filter>
    </ClInclude>
    <ClInclude Include="include\libobsensor\ObSensor.hpp">
      <Filter>Header Files</Filter>
    </ClInclude>
    <ClInclude Include="include\libobsensor\h\Context.h">
      <Filter>Header Files</Filter>
    </ClInclude>
    <ClInclude Include="include\libobsensor\h\Device.h">
      <Filter>Header Files</Filter>
    </ClInclude>
    <ClInclude Include="include\libobsensor\h\Error.h">
      <Filter>Header Files</Filter>
    </ClInclude>
    <ClInclude Include="include\libobsensor\h\Filter.h">
      <Filter>Header Files</Filter>
    </ClInclude>
    <ClInclude Include="include\libobsensor\h\Frame.h">
      <Filter>Header Files</Filter>
    </ClInclude>
    <ClInclude Include="include\libobsensor\h\MultipleDevices.h">
      <Filter>Header Files</Filter>
    </ClInclude>
    <ClInclude Include="include\libobsensor\h\ObTypes.h">
      <Filter>Header Files</Filter>
    </ClInclude>
    <ClInclude Include="include\libobsensor\h\Pipeline.h">
      <Filter>Header Files</Filter>
    </ClInclude>
    <ClInclude Include="include\libobsensor\h\Property.h">
      <Filter>Header Files</Filter>
    </ClInclude>
    <ClInclude Include="include\libobsensor\h\RecordPlayback.h">
      <Filter>Header Files</Filter>
    </ClInclude>
    <ClInclude Include="include\libobsensor\h\Sensor.h">
      <Filter>Header Files</Filter>
    </ClInclude>
    <ClInclude Include="include\libobsensor\h\StreamProfile.h">
      <Filter>Header Files</Filter>
    </ClInclude>
    <ClInclude Include="include\libobsensor\h\Utils.h">
      <Filter>Header Files</Filter>
    </ClInclude>
    <ClInclude Include="include\libobsensor\h\Version.h">
      <Filter>Header Files</Filter>
    </ClInclude>
    <ClInclude Include="include\libobsensor\hpp\Context.hpp">
      <Filter>Header Files</Filter>
    </ClInclude>
    <ClInclude Include="include\libobsensor\hpp\Device.hpp">
      <Filter>Header Files</Filter>
    </ClInclude>
    <ClInclude Include="include\libobsensor\hpp\Error.hpp">
      <Filter>Header Files</Filter>
    </ClInclude>
    <ClInclude Include="include\libobsensor\hpp\Filter.hpp">
      <Filter>Header Files</Filter>
    </ClInclude>
    <ClInclude Include="include\libobsensor\hpp\Frame.hpp">
      <Filter>Header Files</Filter>
    </ClInclude>
    <ClInclude Include="include\libobsensor\hpp\Pipeline.hpp">
      <Filter>Header Files</Filter>
    </ClInclude>
    <ClInclude Include="include\libobsensor\hpp\RecordPlayback.hpp">
      <Filter>Header Files</Filter>
    </ClInclude>
    <ClInclude Include="include\libobsensor\hpp\Sensor.hpp">
      <Filter>Header Files</Filter>
    </ClInclude>
    <ClInclude Include="include\libobsensor\hpp\StreamProfile.hpp">
      <Filter>Header Files</Filter>
    </ClInclude>
    <ClInclude Include="include\libobsensor\hpp\Types.hpp">
      <Filter>Header Files</Filter>
    </ClInclude>
    <ClInclude Include="include\libobsensor\hpp\Utils.hpp">
      <Filter>Header Files</Filter>
    </ClInclude>
    <ClInclude Include="include\libobsensor\hpp\Version.hpp">
      <Filter>Header Files</Filter>
    </ClInclude>
    <ClInclude Include="misc\scripts\windowsmetadatahelper\metadata-helper.h">
      <Filter>Header Files</Filter>
    </ClInclude>
    <ClInclude Include="out\build\x64-debug (默认值)\cmakefiles\showincludes\foo.h">
      <Filter>Header Files</Filter>
    </ClInclude>
    <ClInclude Include="my_code\glass_measure.hpp">
      <Filter>Header Files</Filter>
    </ClInclude>
    <ClInclude Include="my_code\WallScanner.h">
      <Filter>Header Files</Filter>
    </ClInclude>
  </ItemGroup>
  <ItemGroup>
    <None Include="examples\out\build\x64-debug (默认值)\cmakefiles\3.18.20081302-msvc_2\CMakeDetermineCompilerABI_C.bin">
      <Filter>Resource Files</Filter>
    </None>
    <None Include="examples\out\build\x64-debug (默认值)\cmakefiles\3.18.20081302-msvc_2\CMakeDetermineCompilerABI_CXX.bin">
      <Filter>Resource Files</Filter>
    </None>
    <None Include="out\build\x64-debug (默认值)\cmakefiles\3.18.20081302-msvc_2\CMakeDetermineCompilerABI_C.bin">
      <Filter>Resource Files</Filter>
    </None>
    <None Include="out\build\x64-debug (默认值)\cmakefiles\3.18.20081302-msvc_2\CMakeDetermineCompilerABI_CXX.bin">
      <Filter>Resource Files</Filter>
    </None>
  </ItemGroup>
</Project>